
Microsoft Visual Studio Solution File, Format Version 12.00
# Visual Studio Version 16
VisualStudioVersion = 16.0.31025.194
MinimumVisualStudioVersion = 10.0.40219.1
Project("{FAE04EC0-301F-11D3-BF4B-00C04F79EFBC}") = "Crafty.WebSite", "Crafty.WebSite\Crafty.WebSite.csproj", "{92E21431-1977-471A-82BF-6624A5FCEFB9}"
EndProject
Global
	GlobalSection(SolutionConfigurationPlatforms) = preSolution
		Debug|Any CPU = Debug|Any CPU
		Release|Any CPU = Release|Any CPU
	EndGlobalSection
	GlobalSection(ProjectConfigurationPlatforms) = postSolution
		{92E21431-1977-471A-82BF-6624A5FCEFB9}.Debug|Any CPU.ActiveCfg = Debug|Any CPU
		{92E21431-1977-471A-82BF-6624A5FCEFB9}.Debug|Any CPU.Build.0 = Debug|Any CPU
		{92E21431-1977-471A-82BF-6624A5FCEFB9}.Release|Any CPU.ActiveCfg = Release|Any CPU
		{92E21431-1977-471A-82BF-6624A5FCEFB9}.Release|Any CPU.Build.0 = Release|Any CPU
	EndGlobalSection
	GlobalSection(SolutionProperties) = preSolution
		HideSolutionNode = FALSE
	EndGlobalSection
	GlobalSection(ExtensibilityGlobals) = postSolution
		SolutionGuid = {515CF2FF-4E4A-4EBD-B1BE-3000A11F6D78}
	EndGlobalSection
EndGlobal
